{
  "nodes": {
    "dfinity-sdk": {
      "flake": false,
      "locked": {
        "narHash": "sha256-mfn208UcGkoiw/0cRUot+MmfVKwzjnHTJQ0PX6m3imI=",
        "path": "/nix/store/ylxj3q1mn8dcjrh4yv53j8nk4xhis6zw-source",
        "type": "path"
      },
      "original": {
        "path": "/nix/store/ylxj3q1mn8dcjrh4yv53j8nk4xhis6zw-source",
        "type": "path"
      }
    },
    "flake-utils": {
      "locked": {
        "lastModified": 1648297722,
        "narHash": "sha256-W+qlPsiZd8F3XkzXOzAoR+mpFqzm3ekQkJNa+PIh1BQ=",
        "owner": "numtide",
        "repo": "flake-utils",
        "rev": "0f8662f1319ad6abf89b3380dd2722369fc51ade",
        "type": "github"
      },
      "original": {
        "owner": "numtide",
        "repo": "flake-utils",
        "type": "github"
      }
    },
    "nixpkgs": {
      "locked": {
        "lastModified": 1648797583,
        "narHash": "sha256-e3RP6DceMj2Zxuf3s4L6V3d6uvb+OnNwR3o4W7gs/Jg=",
        "owner": "nixos",
        "repo": "nixpkgs",
        "rev": "d9448bd7d90b956a4f63cdafff7179bbe43f1581",
        "type": "github"
      },
      "original": {
        "owner": "nixos",
        "ref": "master",
        "repo": "nixpkgs",
        "type": "github"
      }
    },
    "root": {
      "inputs": {
        "dfinity-sdk": "dfinity-sdk",
        "flake-utils": "flake-utils",
        "nixpkgs": "nixpkgs"
      }
    }
  },
  "root": "root",
  "version": 7
}
